
Microsoft Visual Studio Solution File, Format Version 12.00
# Visual Studio Version 17
VisualStudioVersion = 17.10.35122.118
MinimumVisualStudioVersion = 10.0.40219.1
Project("{888888A0-9F3D-457C-B088-3A5042F75D52}") = "Unity-AssetBundle-Extractor", "Unity-AssetBundle-Extractor\Unity-AssetBundle-Extractor.pyproj", "{C8B440A2-8EF6-42F6-A181-7C2159964D8C}"
EndProject
Global
	GlobalSection(SolutionConfigurationPlatforms) = preSolution
		Debug|Any CPU = Debug|Any CPU
		Release|Any CPU = Release|Any CPU
	EndGlobalSection
	GlobalSection(ProjectConfigurationPlatforms) = postSolution
		{C8B440A2-8EF6-42F6-A181-7C2159964D8C}.Debug|Any CPU.ActiveCfg = Debug|Any CPU
		{C8B440A2-8EF6-42F6-A181-7C2159964D8C}.Release|Any CPU.ActiveCfg = Release|Any CPU
	EndGlobalSection
	GlobalSection(SolutionProperties) = preSolution
		HideSolutionNode = FALSE
	EndGlobalSection
	GlobalSection(ExtensibilityGlobals) = postSolution
		SolutionGuid = {8DC0EBAB-CBFE-46D7-A347-3D126F9DECF9}
	EndGlobalSection
EndGlobal
